<?xml version="1.0" encoding="utf-8"?>
<Project ToolsVersion="4.0" xmlns="http://schemas.microsoft.com/developer/msbuild/2003">
  <ItemGroup>
    <Filter Include="源文件">
      <UniqueIdentifier>{4FC737F1-C7A5-4376-A066-2A32D752A2FF}</UniqueIdentifier>
      <Extensions>cpp;c;cc;cxx;c++;cppm;ixx;def;odl;idl;hpj;bat;asm;asmx</Extensions>
    </Filter>
    <Filter Include="头文件">
      <UniqueIdentifier>{93995380-89BD-4b04-88EB-625FBE52EBFB}</UniqueIdentifier>
      <Extensions>h;hh;hpp;hxx;h++;hm;inl;inc;ipp;xsd</Extensions>
    </Filter>
    <Filter Include="资源文件">
      <UniqueIdentifier>{67DA6AB6-F800-4c08-8B7A-83BB121AAD01}</UniqueIdentifier>
      <Extensions>rc;ico;cur;bmp;dlg;rc2;rct;bin;rgs;gif;jpg;jpeg;jpe;resx;tiff;tif;png;wav;mfcribbon-ms</Extensions>
    </Filter>
  </ItemGroup>
  <ItemGroup>
    <ClCompile Include="ConsoleApplication1.cpp">
      <Filter>源文件</Filter>
    </ClCompile>
    <ClCompile Include="AVDemuxer.cpp">
      <Filter>源文件</Filter>
    </ClCompile>
    <ClCompile Include="Common.cpp">
      <Filter>源文件</Filter>
    </ClCompile>
    <ClCompile Include="Resampler.cpp">
      <Filter>源文件</Filter>
    </ClCompile>
    <ClCompile Include="ByteQueue.cpp">
      <Filter>源文件</Filter>
    </ClCompile>
    <ClCompile Include="DouYin.cpp">
      <Filter>源文件</Filter>
    </ClCompile>
    <ClCompile Include="test\TestAmix.cpp">
      <Filter>源文件</Filter>
    </ClCompile>
    <ClCompile Include="Dialog.cpp">
      <Filter>源文件</Filter>
    </ClCompile>
  </ItemGroup>
  <ItemGroup>
    <ClInclude Include="AVDemuxer.h">
      <Filter>头文件</Filter>
    </ClInclude>
    <ClInclude Include="PipeDef.h">
      <Filter>头文件</Filter>
    </ClInclude>
    <ClInclude Include="Common.h">
      <Filter>头文件</Filter>
    </ClInclude>
    <ClInclude Include="Resampler.h">
      <Filter>头文件</Filter>
    </ClInclude>
    <ClInclude Include="ByteQueue.h">
      <Filter>头文件</Filter>
    </ClInclude>
    <ClInclude Include="resource.h">
      <Filter>头文件</Filter>
    </ClInclude>
    <ClInclude Include="DouYin.h">
      <Filter>头文件</Filter>
    </ClInclude>
  </ItemGroup>
  <ItemGroup>
    <None Include="README.md" />
    <None Include="vcpkg.json" />
    <None Include="vcpkg-configuration.json" />
    <None Include=".gitignore" />
    <None Include="resource\vits-melo-tts-zh_en\date.fst" />
    <None Include="resource\vits-melo-tts-zh_en\LICENSE" />
    <None Include="resource\vits-melo-tts-zh_en\model.int8.onnx" />
    <None Include="resource\vits-melo-tts-zh_en\model.onnx" />
    <None Include="resource\vits-melo-tts-zh_en\new_heteronym.fst" />
    <None Include="resource\vits-melo-tts-zh_en\number.fst" />
    <None Include="resource\vits-melo-tts-zh_en\phone.fst" />
    <None Include="resource\vits-melo-tts-zh_en\README.md" />
    <None Include="resource\vits-melo-tts-zh_en\dict\pos_dict\char_state_tab.utf8" />
    <None Include="resource\vits-melo-tts-zh_en\dict\pos_dict\prob_emit.utf8" />
    <None Include="resource\vits-melo-tts-zh_en\dict\pos_dict\prob_start.utf8" />
    <None Include="resource\vits-melo-tts-zh_en\dict\pos_dict\prob_trans.utf8" />
    <None Include="resource\vits-melo-tts-zh_en\dict\hmm_model.utf8" />
    <None Include="resource\vits-melo-tts-zh_en\dict\idf.utf8" />
    <None Include="resource\vits-melo-tts-zh_en\dict\jieba.dict.utf8" />
    <None Include="resource\vits-melo-tts-zh_en\dict\README.md" />
    <None Include="resource\vits-melo-tts-zh_en\dict\stop_words.utf8" />
    <None Include="resource\vits-melo-tts-zh_en\dict\user.dict.utf8" />
    <None Include="changelog.md" />
    <None Include="settings.ini" />
  </ItemGroup>
  <ItemGroup>
    <Text Include="resource\vits-melo-tts-zh_en\lexicon.txt" />
    <Text Include="resource\vits-melo-tts-zh_en\tokens.txt" />
  </ItemGroup>
</Project>